
Microsoft Visual Studio Solution File, Format Version 12.00
# Visual Studio Version 17
VisualStudioVersion = 17.14.36401.2 d17.14
MinimumVisualStudioVersion = 10.0.40219.1
Project("{FAE04EC0-301F-11D3-BF4B-00C04F79EFBC}") = "MunicipalServicesApp", "MunicipalServicesApp\MunicipalServicesApp.csproj", "{29A49690-C74A-4364-8E20-54326BD30DE1}"
EndProject
Global
	GlobalSection(SolutionConfigurationPlatforms) = preSolution
		Debug|Any CPU = Debug|Any CPU
		Release|Any CPU = Release|Any CPU
	EndGlobalSection
	GlobalSection(ProjectConfigurationPlatforms) = postSolution
		{29A49690-C74A-4364-8E20-54326BD30DE1}.Debug|Any CPU.ActiveCfg = Debug|Any CPU
		{29A49690-C74A-4364-8E20-54326BD30DE1}.Debug|Any CPU.Build.0 = Debug|Any CPU
		{29A49690-C74A-4364-8E20-54326BD30DE1}.Release|Any CPU.ActiveCfg = Release|Any CPU
		{29A49690-C74A-4364-8E20-54326BD30DE1}.Release|Any CPU.Build.0 = Release|Any CPU
	EndGlobalSection
	GlobalSection(SolutionProperties) = preSolution
		HideSolutionNode = FALSE
	EndGlobalSection
	GlobalSection(ExtensibilityGlobals) = postSolution
		SolutionGuid = {0759CB1E-AD90-4F18-921D-BB70FFF113E4}
	EndGlobalSection
EndGlobal
